
Microsoft Visual Studio Solution File, Format Version 11.00
# Visual Studio 2010
Project("{FAE04EC0-301F-11D3-BF4B-00C04F79EFBC}") = "LadyBelle", "LadyBelle\LadyBelle.csproj", "{68399FB2-6DA8-4A10-97A2-A03D8E43E266}"
EndProject
Global
	GlobalSection(SolutionConfigurationPlatforms) = preSolution
		Debug|Any CPU = Debug|Any CPU
		Release|Any CPU = Release|Any CPU
	EndGlobalSection
	GlobalSection(ProjectConfigurationPlatforms) = postSolution
		{68399FB2-6DA8-4A10-97A2-A03D8E43E266}.Debug|Any CPU.ActiveCfg = Debug|Any CPU
		{68399FB2-6DA8-4A10-97A2-A03D8E43E266}.Debug|Any CPU.Build.0 = Debug|Any CPU
		{68399FB2-6DA8-4A10-97A2-A03D8E43E266}.Release|Any CPU.ActiveCfg = Release|Any CPU
		{68399FB2-6DA8-4A10-97A2-A03D8E43E266}.Release|Any CPU.Build.0 = Release|Any CPU
	EndGlobalSection
	GlobalSection(SolutionProperties) = preSolution
		HideSolutionNode = FALSE
	EndGlobalSection
EndGlobal
