
Microsoft Visual Studio Solution File, Format Version 11.00
# Visual Studio 2010
Project("{FAE04EC0-301F-11D3-BF4B-00C04F79EFBC}") = "OnlineShop", "OnlineShop\OnlineShop.csproj", "{420AFBFC-B4C9-4E14-9E99-4F2F6B8B4FB9}"
EndProject
Global
	GlobalSection(SolutionConfigurationPlatforms) = preSolution
		Debug|Any CPU = Debug|Any CPU
		Release|Any CPU = Release|Any CPU
	EndGlobalSection
	GlobalSection(ProjectConfigurationPlatforms) = postSolution
		{420AFBFC-B4C9-4E14-9E99-4F2F6B8B4FB9}.Debug|Any CPU.ActiveCfg = Debug|Any CPU
		{420AFBFC-B4C9-4E14-9E99-4F2F6B8B4FB9}.Debug|Any CPU.Build.0 = Debug|Any CPU
		{420AFBFC-B4C9-4E14-9E99-4F2F6B8B4FB9}.Release|Any CPU.ActiveCfg = Release|Any CPU
		{420AFBFC-B4C9-4E14-9E99-4F2F6B8B4FB9}.Release|Any CPU.Build.0 = Release|Any CPU
	EndGlobalSection
	GlobalSection(SolutionProperties) = preSolution
		HideSolutionNode = FALSE
	EndGlobalSection
EndGlobal
